<?xml version="1.0" encoding="utf-8"?>
<Project ToolsVersion="4.0" xmlns="http://schemas.microsoft.com/developer/msbuild/2003">
  <ItemGroup>
    <ClCompile Include="AboutDlg.cpp">
      <Filter>Source Files</Filter>
    </ClCompile>
    <ClCompile Include="CryptSync.cpp">
      <Filter>Source Files</Filter>
    </ClCompile>
    <ClCompile Include="FolderSync.cpp">
      <Filter>Source Files</Filter>
    </ClCompile>
    <ClCompile Include="Ignores.cpp">
      <Filter>Source Files</Filter>
    </ClCompile>
    <ClCompile Include="OptionsDlg.cpp">
      <Filter>Source Files</Filter>
    </ClCompile>
    <ClCompile Include="PairAddDlg.cpp">
      <Filter>Source Files</Filter>
    </ClCompile>
    <ClCompile Include="Pairs.cpp">
      <Filter>Source Files</Filter>
    </ClCompile>
    <ClCompile Include="PathWatcher.cpp">
      <Filter>Source Files</Filter>
    </ClCompile>
    <ClCompile Include="stdafx.cpp">
      <Filter>Source Files</Filter>
    </ClCompile>
    <ClCompile Include="TextDlg.cpp">
      <Filter>Source Files</Filter>
    </ClCompile>
    <ClCompile Include="TrayWindow.cpp">
      <Filter>Source Files</Filter>
    </ClCompile>
    <ClCompile Include="UpdateDlg.cpp">
      <Filter>Source Files</Filter>
    </ClCompile>
    <ClCompile Include="..\sktoolslib\ReaderWriterLock.cpp">
      <Filter>sktoolslib</Filter>
    </ClCompile>
    <ClCompile Include="..\sktoolslib\Registry.cpp">
      <Filter>sktoolslib</Filter>
    </ClCompile>
    <ClCompile Include="..\sktoolslib\StringUtils.cpp">
      <Filter>sktoolslib</Filter>
    </ClCompile>
    <ClCompile Include="..\sktoolslib\UnicodeUtils.cpp">
      <Filter>sktoolslib</Filter>
    </ClCompile>
    <ClCompile Include="..\sktoolslib\AeroControls.cpp">
      <Filter>sktoolslib</Filter>
    </ClCompile>
    <ClCompile Include="..\sktoolslib\AeroGlass.cpp">
      <Filter>sktoolslib</Filter>
    </ClCompile>
    <ClCompile Include="..\sktoolslib\BaseDialog.cpp">
      <Filter>sktoolslib</Filter>
    </ClCompile>
    <ClCompile Include="..\sktoolslib\BaseWindow.cpp">
      <Filter>sktoolslib</Filter>
    </ClCompile>
    <ClCompile Include="..\sktoolslib\BrowseFolder.cpp">
      <Filter>sktoolslib</Filter>
    </ClCompile>
    <ClCompile Include="..\sktoolslib\CmdLineParser.cpp">
      <Filter>sktoolslib</Filter>
    </ClCompile>
    <ClCompile Include="..\sktoolslib\DebugOutput.cpp">
      <Filter>sktoolslib</Filter>
    </ClCompile>
    <ClCompile Include="..\sktoolslib\DirFileEnum.cpp">
      <Filter>sktoolslib</Filter>
    </ClCompile>
    <ClCompile Include="..\sktoolslib\DlgResizer.cpp">
      <Filter>sktoolslib</Filter>
    </ClCompile>
    <ClCompile Include="..\sktoolslib\FileDropTarget.cpp">
      <Filter>sktoolslib</Filter>
    </ClCompile>
    <ClCompile Include="..\sktoolslib\hyperlink.cpp">
      <Filter>sktoolslib</Filter>
    </ClCompile>
    <ClCompile Include="..\sktoolslib\ProgressDlg.cpp">
      <Filter>sktoolslib</Filter>
    </ClCompile>
  </ItemGroup>
  <ItemGroup>
    <ClInclude Include="AboutDlg.h">
      <Filter>Header Files</Filter>
    </ClInclude>
    <ClInclude Include="CryptSync.h">
      <Filter>Header Files</Filter>
    </ClInclude>
    <ClInclude Include="FolderSync.h">
      <Filter>Header Files</Filter>
    </ClInclude>
    <ClInclude Include="Ignores.h">
      <Filter>Header Files</Filter>
    </ClInclude>
    <ClInclude Include="OptionsDlg.h">
      <Filter>Header Files</Filter>
    </ClInclude>
    <ClInclude Include="PairAddDlg.h">
      <Filter>Header Files</Filter>
    </ClInclude>
    <ClInclude Include="Pairs.h">
      <Filter>Header Files</Filter>
    </ClInclude>
    <ClInclude Include="PathWatcher.h">
      <Filter>Header Files</Filter>
    </ClInclude>
    <ClInclude Include="resource.h">
      <Filter>Header Files</Filter>
    </ClInclude>
    <ClInclude Include="stdafx.h">
      <Filter>Header Files</Filter>
    </ClInclude>
    <ClInclude Include="targetver.h">
      <Filter>Header Files</Filter>
    </ClInclude>
    <ClInclude Include="TextDlg.h">
      <Filter>Header Files</Filter>
    </ClInclude>
    <ClInclude Include="TrayWindow.h">
      <Filter>Header Files</Filter>
    </ClInclude>
    <ClInclude Include="UpdateDlg.h">
      <Filter>Header Files</Filter>
    </ClInclude>
    <ClInclude Include="..\sktoolslib\ProgressDlg.h">
      <Filter>sktoolslib</Filter>
    </ClInclude>
    <ClInclude Include="..\sktoolslib\ReaderWriterLock.h">
      <Filter>sktoolslib</Filter>
    </ClInclude>
    <ClInclude Include="..\sktoolslib\Registry.h">
      <Filter>sktoolslib</Filter>
    </ClInclude>
    <ClInclude Include="..\sktoolslib\SmartHandle.h">
      <Filter>sktoolslib</Filter>
    </ClInclude>
    <ClInclude Include="..\sktoolslib\StringUtils.h">
      <Filter>sktoolslib</Filter>
    </ClInclude>
    <ClInclude Include="..\sktoolslib\UnicodeUtils.h">
      <Filter>sktoolslib</Filter>
    </ClInclude>
    <ClInclude Include="..\sktoolslib\AeroControls.h">
      <Filter>sktoolslib</Filter>
    </ClInclude>
    <ClInclude Include="..\sktoolslib\AeroGlass.h">
      <Filter>sktoolslib</Filter>
    </ClInclude>
    <ClInclude Include="..\sktoolslib\BaseDialog.h">
      <Filter>sktoolslib</Filter>
    </ClInclude>
    <ClInclude Include="..\sktoolslib\BaseWindow.h">
      <Filter>sktoolslib</Filter>
    </ClInclude>
    <ClInclude Include="..\sktoolslib\BrowseFolder.h">
      <Filter>sktoolslib</Filter>
    </ClInclude>
    <ClInclude Include="..\sktoolslib\CmdLineParser.h">
      <Filter>sktoolslib</Filter>
    </ClInclude>
    <ClInclude Include="..\sktoolslib\CreateProcessHelper.h">
      <Filter>sktoolslib</Filter>
    </ClInclude>
    <ClInclude Include="..\sktoolslib\DebugOutput.h">
      <Filter>sktoolslib</Filter>
    </ClInclude>
    <ClInclude Include="..\sktoolslib\DirFileEnum.h">
      <Filter>sktoolslib</Filter>
    </ClInclude>
    <ClInclude Include="..\sktoolslib\DlgResizer.h">
      <Filter>sktoolslib</Filter>
    </ClInclude>
    <ClInclude Include="..\sktoolslib\FileDropTarget.h">
      <Filter>sktoolslib</Filter>
    </ClInclude>
    <ClInclude Include="..\sktoolslib\hyperlink.h">
      <Filter>sktoolslib</Filter>
    </ClInclude>
    <ClInclude Include="..\sktoolslib\maxpath.h">
      <Filter>sktoolslib</Filter>
    </ClInclude>
  </ItemGroup>
  <ItemGroup>
    <None Include="..\default.build">
      <Filter>build</Filter>
    </None>
    <None Include="..\version.build.in">
      <Filter>build</Filter>
    </None>
    <None Include="..\versioninfo.build">
      <Filter>build</Filter>
    </None>
    <None Include="Setup\setup.build">
      <Filter>build</Filter>
    </None>
    <None Include="Setup\Setup.wxs">
      <Filter>build</Filter>
    </None>
    <None Include="CryptSync.ico">
      <Filter>Resource Files</Filter>
    </None>
    <None Include="CryptSync.rc2">
      <Filter>Resource Files</Filter>
    </None>
    <None Include="Setup\Setup64.wxs">
      <Filter>build</Filter>
    </None>
  </ItemGroup>
  <ItemGroup>
    <Filter Include="build">
      <UniqueIdentifier>{40525aa9-c5c4-4d43-a4bc-7c557feec575}</UniqueIdentifier>
    </Filter>
    <Filter Include="Source Files">
      <UniqueIdentifier>{5e260696-c1f1-4809-bb48-6ab70057e3d5}</UniqueIdentifier>
    </Filter>
    <Filter Include="Header Files">
      <UniqueIdentifier>{47f90456-6a9e-4d6f-a690-2333627ad0bf}</UniqueIdentifier>
    </Filter>
    <Filter Include="Resource Files">
      <UniqueIdentifier>{c83d6671-f2d2-40c1-95e5-dbe3bb8ad452}</UniqueIdentifier>
    </Filter>
    <Filter Include="sktoolslib">
      <UniqueIdentifier>{b5532ff0-76ad-4a37-ac00-e3b22eb74cc2}</UniqueIdentifier>
    </Filter>
  </ItemGroup>
  <ItemGroup>
    <ResourceCompile Include="CryptSync.rc">
      <Filter>Resource Files</Filter>
    </ResourceCompile>
  </ItemGroup>
</Project>